
Microsoft Visual Studio Solution File, Format Version 12.00
# Visual Studio Version 17
VisualStudioVersion = 17.7.34031.279
MinimumVisualStudioVersion = 10.0.40219.1
Project("{FAE04EC0-301F-11D3-BF4B-00C04F79EFBC}") = "CalculatorProject", "CalculatorProject.csproj", "{4D417B2C-C15D-404A-9DB4-5028B79A24E6}"
EndProject
Global
	GlobalSection(SolutionConfigurationPlatforms) = preSolution
		Debug|Any CPU = Debug|Any CPU
		Release|Any CPU = Release|Any CPU
	EndGlobalSection
	GlobalSection(ProjectConfigurationPlatforms) = postSolution
		{4D417B2C-C15D-404A-9DB4-5028B79A24E6}.Debug|Any CPU.ActiveCfg = Debug|Any CPU
		{4D417B2C-C15D-404A-9DB4-5028B79A24E6}.Debug|Any CPU.Build.0 = Debug|Any CPU
		{4D417B2C-C15D-404A-9DB4-5028B79A24E6}.Release|Any CPU.ActiveCfg = Release|Any CPU
		{4D417B2C-C15D-404A-9DB4-5028B79A24E6}.Release|Any CPU.Build.0 = Release|Any CPU
	EndGlobalSection
	GlobalSection(SolutionProperties) = preSolution
		HideSolutionNode = FALSE
	EndGlobalSection
	GlobalSection(ExtensibilityGlobals) = postSolution
		SolutionGuid = {7B897697-5497-4252-8DE5-E924CA986871}
	EndGlobalSection
EndGlobal
